
Microsoft Visual Studio Solution File, Format Version 12.00
# Visual Studio Version 17
VisualStudioVersion = 17.3.32922.545
MinimumVisualStudioVersion = 10.0.40219.1
Project("{FAE04EC0-301F-11D3-BF4B-00C04F79EFBC}") = "Light-YearsAway", "SpaceGame\Light-YearsAway.csproj", "{B38B3F02-6C5C-4705-904D-FF9CE7A0A009}"
EndProject
Global
	GlobalSection(SolutionConfigurationPlatforms) = preSolution
		Debug|Any CPU = Debug|Any CPU
		Release|Any CPU = Release|Any CPU
	EndGlobalSection
	GlobalSection(ProjectConfigurationPlatforms) = postSolution
		{B38B3F02-6C5C-4705-904D-FF9CE7A0A009}.Debug|Any CPU.ActiveCfg = Debug|Any CPU
		{B38B3F02-6C5C-4705-904D-FF9CE7A0A009}.Debug|Any CPU.Build.0 = Debug|Any CPU
		{B38B3F02-6C5C-4705-904D-FF9CE7A0A009}.Release|Any CPU.ActiveCfg = Release|Any CPU
		{B38B3F02-6C5C-4705-904D-FF9CE7A0A009}.Release|Any CPU.Build.0 = Release|Any CPU
	EndGlobalSection
	GlobalSection(SolutionProperties) = preSolution
		HideSolutionNode = FALSE
	EndGlobalSection
	GlobalSection(ExtensibilityGlobals) = postSolution
		SolutionGuid = {C456AC4F-8F8B-4422-A9BA-95B7AC374A32}
	EndGlobalSection
EndGlobal
